
Microsoft Visual Studio Solution File, Format Version 12.00
# Visual Studio Version 16
VisualStudioVersion = 16.0.29102.190
MinimumVisualStudioVersion = 10.0.40219.1
Project("{FAE04EC0-301F-11D3-BF4B-00C04F79EFBC}") = "MyWebApplication", "MyWebApplication.csproj", "{9BF11E84-F49D-43E0-B4B1-1C7D396AE14C}"
EndProject
Global
	GlobalSection(SolutionConfigurationPlatforms) = preSolution
		Debug|Any CPU = Debug|Any CPU
		Release|Any CPU = Release|Any CPU
	EndGlobalSection
	GlobalSection(ProjectConfigurationPlatforms) = postSolution
		{9BF11E84-F49D-43E0-B4B1-1C7D396AE14C}.Debug|Any CPU.ActiveCfg = Debug|Any CPU
		{9BF11E84-F49D-43E0-B4B1-1C7D396AE14C}.Debug|Any CPU.Build.0 = Debug|Any CPU
		{9BF11E84-F49D-43E0-B4B1-1C7D396AE14C}.Release|Any CPU.ActiveCfg = Release|Any CPU
		{9BF11E84-F49D-43E0-B4B1-1C7D396AE14C}.Release|Any CPU.Build.0 = Release|Any CPU
	EndGlobalSection
	GlobalSection(SolutionProperties) = preSolution
		HideSolutionNode = FALSE
	EndGlobalSection
	GlobalSection(ExtensibilityGlobals) = postSolution
		SolutionGuid = {3766B93D-C6DA-4F8A-9492-1C3C037E8304}
	EndGlobalSection
EndGlobal
